{
  "name": "@egg-cli-2024/init",
  "version": "1.0.0",
  "lockfileVersion": 2,
  "requires": true,
  "packages": {
    "": {
      "name": "@egg-cli-2024/init",
      "version": "1.0.0",
      "license": "ISC",
      "dependencies": {
        "@egg-cli-2024/command": "file:../../models/command",
        "@egg-cli-2024/log": "file:../../utils/log"
      }
    },
    "../../models/command": {
      "name": "@egg-cli-2024/command",
      "version": "1.0.0",
      "license": "ISC",
      "dependencies": {
        "@egg-cli-2024/log": "file:../../utils/log",
        "colors": "1.4.0",
        "semver": "7.3.4"
      }
    },
    "../../utils/log": {
      "name": "@egg-cli-2024/log",
      "version": "1.0.11",
      "license": "ISC",
      "dependencies": {
        "@egg-cli-2024/command": "file:../../models/command",
        "npmlog": "^7.0.1"
      }
    },
    "node_modules/@egg-cli-2024/command": {
      "resolved": "../../models/command",
      "link": true
    },
    "node_modules/@egg-cli-2024/log": {
      "resolved": "../../utils/log",
      "link": true
    }
  },
  "dependencies": {
    "@egg-cli-2024/command": {
      "version": "file:../../models/command",
      "requires": {
        "@egg-cli-2024/log": "file:../../utils/log",
        "colors": "1.4.0",
        "semver": "7.3.4"
      }
    },
    "@egg-cli-2024/log": {
      "version": "file:../../utils/log",
      "requires": {
        "@egg-cli-2024/command": "file:../../models/command",
        "npmlog": "^7.0.1"
      }
    }
  }
}
