{
  "name": "@egg-cli-2024/exec",
  "version": "1.0.0",
  "lockfileVersion": 2,
  "requires": true,
  "packages": {
    "": {
      "name": "@egg-cli-2024/exec",
      "version": "1.0.0",
      "license": "ISC",
      "dependencies": {
        "@egg-cli-2024/log": "file:../../utils/log",
        "@egg-cli-2024/package": "file:../../models/package"
      }
    },
    "../../models/package": {
      "name": "@egg-cli-2024/package",
      "version": "1.0.0",
      "license": "ISC",
      "dependencies": {
        "@egg-cli-2024/format-path": "file:../../utils/format-path",
        "@egg-cli-2024/get-npm-info": "file:../../utils/get-npm-info",
        "@egg-cli-2024/utils": "file:../../utils/utils",
        "fs-extra": "^9.0.1",
        "npminstall": "^4.11.0",
        "path-exists": "^4.0.0",
        "pkg-dir": "^5.0.0"
      }
    },
    "../../utils/get-npm-info": {
      "name": "@egg-cli-2024/get-npm-info",
      "version": "1.0.11",
      "extraneous": true,
      "license": "ISC",
      "dependencies": {
        "axios": "^1.7.2",
        "semver": "7.3.4",
        "url-join": "4.0.1"
      }
    },
    "../../utils/log": {
      "name": "@egg-cli-2024/log",
      "version": "1.0.11",
      "license": "ISC",
      "dependencies": {
        "npmlog": "^7.0.1"
      }
    },
    "node_modules/@egg-cli-2024/log": {
      "resolved": "../../utils/log",
      "link": true
    },
    "node_modules/@egg-cli-2024/package": {
      "resolved": "../../models/package",
      "link": true
    }
  },
  "dependencies": {
    "@egg-cli-2024/log": {
      "version": "file:../../utils/log",
      "requires": {
        "npmlog": "^7.0.1"
      }
    },
    "@egg-cli-2024/package": {
      "version": "file:../../models/package",
      "requires": {
        "@egg-cli-2024/format-path": "file:../../utils/format-path",
        "@egg-cli-2024/get-npm-info": "file:../../utils/get-npm-info",
        "@egg-cli-2024/utils": "file:../../utils/utils",
        "fs-extra": "^9.0.1",
        "npminstall": "^4.11.0",
        "path-exists": "^4.0.0",
        "pkg-dir": "^5.0.0"
      }
    }
  }
}
